// !$*UTF8*$!
{
	archiveVersion = 1;
	classes = {
	};
	objectVersion = 56;
	objects = {

/* Begin PBXBuildFile section */
		272F57B32AFC9ECB0090EB91 /* ProfileView.swift in Sources */ = {isa = PBXBuildFile; fileRef = 272F57B22AFC9ECB0090EB91 /* ProfileView.swift */; };
		272F57B52AFCB57B0090EB91 /* ProfileOptionRowView.swift in Sources */ = {isa = PBXBuildFile; fileRef = 272F57B42AFCB57B0090EB91 /* ProfileOptionRowView.swift */; };
		272F57B72AFCB6D90090EB91 /* WishlistsView.swift in Sources */ = {isa = PBXBuildFile; fileRef = 272F57B62AFCB6D90090EB91 /* WishlistsView.swift */; };
		272F57B92AFCB7F70090EB91 /* MainTabView.swift in Sources */ = {isa = PBXBuildFile; fileRef = 272F57B82AFCB7F70090EB91 /* MainTabView.swift */; };
		272F57BD2AFCB9A70090EB91 /* Listting.swift in Sources */ = {isa = PBXBuildFile; fileRef = 272F57BC2AFCB9A70090EB91 /* Listting.swift */; };
		272F57BF2AFCBF8F0090EB91 /* DeveloperPreview.swift in Sources */ = {isa = PBXBuildFile; fileRef = 272F57BE2AFCBF8F0090EB91 /* DeveloperPreview.swift */; };
		272F57C62AFCC5230090EB91 /* ExploreViewModel.swift in Sources */ = {isa = PBXBuildFile; fileRef = 272F57C52AFCC5230090EB91 /* ExploreViewModel.swift */; };
		272F57C82AFCC6310090EB91 /* ExploreService.swift in Sources */ = {isa = PBXBuildFile; fileRef = 272F57C72AFCC6310090EB91 /* ExploreService.swift */; };
		277BC5DF2AFC881B00C148FA /* DestinationSearchView.swift in Sources */ = {isa = PBXBuildFile; fileRef = 277BC5DE2AFC881B00C148FA /* DestinationSearchView.swift */; };
		27C0E4B22AF2007B00A3D2E6 /* AirbnbTutorialApp.swift in Sources */ = {isa = PBXBuildFile; fileRef = 27C0E4B12AF2007B00A3D2E6 /* AirbnbTutorialApp.swift */; };
		27C0E4B42AF2007B00A3D2E6 /* ContentView.swift in Sources */ = {isa = PBXBuildFile; fileRef = 27C0E4B32AF2007B00A3D2E6 /* ContentView.swift */; };
		27C0E4B62AF2007C00A3D2E6 /* Assets.xcassets in Resources */ = {isa = PBXBuildFile; fileRef = 27C0E4B52AF2007C00A3D2E6 /* Assets.xcassets */; };
		27C0E4B92AF2007C00A3D2E6 /* Preview Assets.xcassets in Resources */ = {isa = PBXBuildFile; fileRef = 27C0E4B82AF2007C00A3D2E6 /* Preview Assets.xcassets */; };
		27C0E4CF2AF2091F00A3D2E6 /* ExproleView.swift in Sources */ = {isa = PBXBuildFile; fileRef = 27C0E4CE2AF2091F00A3D2E6 /* ExproleView.swift */; };
		27C0E4D12AF20A2000A3D2E6 /* ListingItemView.swift in Sources */ = {isa = PBXBuildFile; fileRef = 27C0E4D02AF20A2000A3D2E6 /* ListingItemView.swift */; };
		27C0E4D32AF2103000A3D2E6 /* SearchAndFilterBar.swift in Sources */ = {isa = PBXBuildFile; fileRef = 27C0E4D22AF2103000A3D2E6 /* SearchAndFilterBar.swift */; };
		27C0E4D52AF22B9500A3D2E6 /* ListingDetailView.swift in Sources */ = {isa = PBXBuildFile; fileRef = 27C0E4D42AF22B9500A3D2E6 /* ListingDetailView.swift */; };
		27C0E4D82AF22C1800A3D2E6 /* ListingImageCarouseView.swift in Sources */ = {isa = PBXBuildFile; fileRef = 27C0E4D72AF22C1800A3D2E6 /* ListingImageCarouseView.swift */; };
/* End PBXBuildFile section */

/* Begin PBXFileReference section */
		272F57B22AFC9ECB0090EB91 /* ProfileView.swift */ = {isa = PBXFileReference; lastKnownFileType = sourcecode.swift; path = ProfileView.swift; sourceTree = "<group>"; };
		272F57B42AFCB57B0090EB91 /* ProfileOptionRowView.swift */ = {isa = PBXFileReference; lastKnownFileType = sourcecode.swift; path = ProfileOptionRowView.swift; sourceTree = "<group>"; };
		272F57B62AFCB6D90090EB91 /* WishlistsView.swift */ = {isa = PBXFileReference; lastKnownFileType = sourcecode.swift; path = WishlistsView.swift; sourceTree = "<group>"; };
		272F57B82AFCB7F70090EB91 /* MainTabView.swift */ = {isa = PBXFileReference; lastKnownFileType = sourcecode.swift; path = MainTabView.swift; sourceTree = "<group>"; };
		272F57BC2AFCB9A70090EB91 /* Listting.swift */ = {isa = PBXFileReference; lastKnownFileType = sourcecode.swift; path = Listting.swift; sourceTree = "<group>"; };
		272F57BE2AFCBF8F0090EB91 /* DeveloperPreview.swift */ = {isa = PBXFileReference; lastKnownFileType = sourcecode.swift; path = DeveloperPreview.swift; sourceTree = "<group>"; };
		272F57C52AFCC5230090EB91 /* ExploreViewModel.swift */ = {isa = PBXFileReference; lastKnownFileType = sourcecode.swift; path = ExploreViewModel.swift; sourceTree = "<group>"; };
		272F57C72AFCC6310090EB91 /* ExploreService.swift */ = {isa = PBXFileReference; lastKnownFileType = sourcecode.swift; path = ExploreService.swift; sourceTree = "<group>"; };
		277BC5DE2AFC881B00C148FA /* DestinationSearchView.swift */ = {isa = PBXFileReference; lastKnownFileType = sourcecode.swift; path = DestinationSearchView.swift; sourceTree = "<group>"; };
		27C0E4AE2AF2007B00A3D2E6 /* AirbnbTutorial.app */ = {isa = PBXFileReference; explicitFileType = wrapper.application; includeInIndex = 0; path = AirbnbTutorial.app; sourceTree = BUILT_PRODUCTS_DIR; };
		27C0E4B12AF2007B00A3D2E6 /* AirbnbTutorialApp.swift */ = {isa = PBXFileReference; lastKnownFileType = sourcecode.swift; path = AirbnbTutorialApp.swift; sourceTree = "<group>"; };
		27C0E4B32AF2007B00A3D2E6 /* ContentView.swift */ = {isa = PBXFileReference; lastKnownFileType = sourcecode.swift; path = ContentView.swift; sourceTree = "<group>"; };
		27C0E4B52AF2007C00A3D2E6 /* Assets.xcassets */ = {isa = PBXFileReference; lastKnownFileType = folder.assetcatalog; path = Assets.xcassets; sourceTree = "<group>"; };
		27C0E4B82AF2007C00A3D2E6 /* Preview Assets.xcassets */ = {isa = PBXFileReference; lastKnownFileType = folder.assetcatalog; path = "Preview Assets.xcassets"; sourceTree = "<group>"; };
		27C0E4CE2AF2091F00A3D2E6 /* ExproleView.swift */ = {isa = PBXFileReference; lastKnownFileType = sourcecode.swift; path = ExproleView.swift; sourceTree = "<group>"; };
		27C0E4D02AF20A2000A3D2E6 /* ListingItemView.swift */ = {isa = PBXFileReference; lastKnownFileType = sourcecode.swift; path = ListingItemView.swift; sourceTree = "<group>"; };
		27C0E4D22AF2103000A3D2E6 /* SearchAndFilterBar.swift */ = {isa = PBXFileReference; lastKnownFileType = sourcecode.swift; path = SearchAndFilterBar.swift; sourceTree = "<group>"; };
		27C0E4D42AF22B9500A3D2E6 /* ListingDetailView.swift */ = {isa = PBXFileReference; lastKnownFileType = sourcecode.swift; path = ListingDetailView.swift; sourceTree = "<group>"; };
		27C0E4D72AF22C1800A3D2E6 /* ListingImageCarouseView.swift */ = {isa = PBXFileReference; lastKnownFileType = sourcecode.swift; path = ListingImageCarouseView.swift; sourceTree = "<group>"; };
/* End PBXFileReference section */

/* Begin PBXFrameworksBuildPhase section */
		27C0E4AB2AF2007B00A3D2E6 /* Frameworks */ = {
			isa = PBXFrameworksBuildPhase;
			buildActionMask = 2147483647;
			files = (
			);
			runOnlyForDeploymentPostprocessing = 0;
		};
/* End PBXFrameworksBuildPhase section */

/* Begin PBXGroup section */
		272F57BA2AFCB9550090EB91 /* Model */ = {
			isa = PBXGroup;
			children = (
				272F57BC2AFCB9A70090EB91 /* Listting.swift */,
			);
			path = Model;
			sourceTree = "<group>";
		};
		272F57BB2AFCB9800090EB91 /* View */ = {
			isa = PBXGroup;
			children = (
				27C0E4D02AF20A2000A3D2E6 /* ListingItemView.swift */,
				27C0E4D42AF22B9500A3D2E6 /* ListingDetailView.swift */,
			);
			path = View;
			sourceTree = "<group>";
		};
		272F57C02AFCC4BA0090EB91 /* ViewModel */ = {
			isa = PBXGroup;
			children = (
				272F57C52AFCC5230090EB91 /* ExploreViewModel.swift */,
			);
			path = ViewModel;
			sourceTree = "<group>";
		};
		272F57C32AFCC4BE0090EB91 /* View */ = {
			isa = PBXGroup;
			children = (
				27C0E4CE2AF2091F00A3D2E6 /* ExproleView.swift */,
				27C0E4D22AF2103000A3D2E6 /* SearchAndFilterBar.swift */,
				277BC5DE2AFC881B00C148FA /* DestinationSearchView.swift */,
			);
			path = View;
			sourceTree = "<group>";
		};
		272F57C42AFCC4C00090EB91 /* Service */ = {
			isa = PBXGroup;
			children = (
				272F57C72AFCC6310090EB91 /* ExploreService.swift */,
			);
			path = Service;
			sourceTree = "<group>";
		};
		27C0E4A52AF2007B00A3D2E6 = {
			isa = PBXGroup;
			children = (
				27C0E4B02AF2007B00A3D2E6 /* AirbnbTutorial */,
				27C0E4AF2AF2007B00A3D2E6 /* Products */,
			);
			sourceTree = "<group>";
		};
		27C0E4AF2AF2007B00A3D2E6 /* Products */ = {
			isa = PBXGroup;
			children = (
				27C0E4AE2AF2007B00A3D2E6 /* AirbnbTutorial.app */,
			);
			name = Products;
			sourceTree = "<group>";
		};
		27C0E4B02AF2007B00A3D2E6 /* AirbnbTutorial */ = {
			isa = PBXGroup;
			children = (
				27C0E4C32AF200DA00A3D2E6 /* App */,
				27C0E4C12AF200CF00A3D2E6 /* Core */,
				27C0E4C02AF200BD00A3D2E6 /* Extensions */,
				27C0E4BF2AF2009700A3D2E6 /* Models */,
				27C0E4C42AF2011900A3D2E6 /* Utils */,
				27C0E4B32AF2007B00A3D2E6 /* ContentView.swift */,
				27C0E4B52AF2007C00A3D2E6 /* Assets.xcassets */,
				27C0E4B72AF2007C00A3D2E6 /* Preview Content */,
			);
			path = AirbnbTutorial;
			sourceTree = "<group>";
		};
		27C0E4B72AF2007C00A3D2E6 /* Preview Content */ = {
			isa = PBXGroup;
			children = (
				27C0E4B82AF2007C00A3D2E6 /* Preview Assets.xcassets */,
			);
			path = "Preview Content";
			sourceTree = "<group>";
		};
		27C0E4BF2AF2009700A3D2E6 /* Models */ = {
			isa = PBXGroup;
			children = (
			);
			path = Models;
			sourceTree = "<group>";
		};
		27C0E4C02AF200BD00A3D2E6 /* Extensions */ = {
			isa = PBXGroup;
			children = (
				272F57BE2AFCBF8F0090EB91 /* DeveloperPreview.swift */,
			);
			path = Extensions;
			sourceTree = "<group>";
		};
		27C0E4C12AF200CF00A3D2E6 /* Core */ = {
			isa = PBXGroup;
			children = (
				27C0E4D62AF22BE200A3D2E6 /* Components */,
				27C0E4C52AF2013D00A3D2E6 /* Explore */,
				27C0E4C62AF2014800A3D2E6 /* Listings */,
				27C0E4C72AF2015100A3D2E6 /* MapView */,
				27C0E4C82AF2015500A3D2E6 /* Profile */,
				27C0E4C92AF2018500A3D2E6 /* Root */,
				27C0E4CA2AF2018D00A3D2E6 /* TabBar */,
				27C0E4CB2AF2019700A3D2E6 /* Wishlists */,
			);
			path = Core;
			sourceTree = "<group>";
		};
		27C0E4C32AF200DA00A3D2E6 /* App */ = {
			isa = PBXGroup;
			children = (
				27C0E4B12AF2007B00A3D2E6 /* AirbnbTutorialApp.swift */,
			);
			path = App;
			sourceTree = "<group>";
		};
		27C0E4C42AF2011900A3D2E6 /* Utils */ = {
			isa = PBXGroup;
			children = (
			);
			path = Utils;
			sourceTree = "<group>";
		};
		27C0E4C52AF2013D00A3D2E6 /* Explore */ = {
			isa = PBXGroup;
			children = (
				272F57C42AFCC4C00090EB91 /* Service */,
				272F57C32AFCC4BE0090EB91 /* View */,
				272F57C02AFCC4BA0090EB91 /* ViewModel */,
			);
			path = Explore;
			sourceTree = "<group>";
		};
		27C0E4C62AF2014800A3D2E6 /* Listings */ = {
			isa = PBXGroup;
			children = (
				272F57BA2AFCB9550090EB91 /* Model */,
				272F57BB2AFCB9800090EB91 /* View */,
			);
			path = Listings;
			sourceTree = "<group>";
		};
		27C0E4C72AF2015100A3D2E6 /* MapView */ = {
			isa = PBXGroup;
			children = (
			);
			path = MapView;
			sourceTree = "<group>";
		};
		27C0E4C82AF2015500A3D2E6 /* Profile */ = {
			isa = PBXGroup;
			children = (
				272F57B22AFC9ECB0090EB91 /* ProfileView.swift */,
				272F57B42AFCB57B0090EB91 /* ProfileOptionRowView.swift */,
			);
			path = Profile;
			sourceTree = "<group>";
		};
		27C0E4C92AF2018500A3D2E6 /* Root */ = {
			isa = PBXGroup;
			children = (
			);
			path = Root;
			sourceTree = "<group>";
		};
		27C0E4CA2AF2018D00A3D2E6 /* TabBar */ = {
			isa = PBXGroup;
			children = (
				272F57B82AFCB7F70090EB91 /* MainTabView.swift */,
			);
			path = TabBar;
			sourceTree = "<group>";
		};
		27C0E4CB2AF2019700A3D2E6 /* Wishlists */ = {
			isa = PBXGroup;
			children = (
				272F57B62AFCB6D90090EB91 /* WishlistsView.swift */,
			);
			path = Wishlists;
			sourceTree = "<group>";
		};
		27C0E4D62AF22BE200A3D2E6 /* Components */ = {
			isa = PBXGroup;
			children = (
				27C0E4D72AF22C1800A3D2E6 /* ListingImageCarouseView.swift */,
			);
			path = Components;
			sourceTree = "<group>";
		};
/* End PBXGroup section */

/* Begin PBXNativeTarget section */
		27C0E4AD2AF2007B00A3D2E6 /* AirbnbTutorial */ = {
			isa = PBXNativeTarget;
			buildConfigurationList = 27C0E4BC2AF2007C00A3D2E6 /* Build configuration list for PBXNativeTarget "AirbnbTutorial" */;
			buildPhases = (
				27C0E4AA2AF2007B00A3D2E6 /* Sources */,
				27C0E4AB2AF2007B00A3D2E6 /* Frameworks */,
				27C0E4AC2AF2007B00A3D2E6 /* Resources */,
			);
			buildRules = (
			);
			dependencies = (
			);
			name = AirbnbTutorial;
			productName = AirbnbTutorial;
			productReference = 27C0E4AE2AF2007B00A3D2E6 /* AirbnbTutorial.app */;
			productType = "com.apple.product-type.application";
		};
/* End PBXNativeTarget section */

/* Begin PBXProject section */
		27C0E4A62AF2007B00A3D2E6 /* Project object */ = {
			isa = PBXProject;
			attributes = {
				BuildIndependentTargetsInParallel = 1;
				LastSwiftUpdateCheck = 1500;
				LastUpgradeCheck = 1500;
				TargetAttributes = {
					27C0E4AD2AF2007B00A3D2E6 = {
						CreatedOnToolsVersion = 15.0.1;
					};
				};
			};
			buildConfigurationList = 27C0E4A92AF2007B00A3D2E6 /* Build configuration list for PBXProject "AirbnbTutorial" */;
			compatibilityVersion = "Xcode 14.0";
			developmentRegion = en;
			hasScannedForEncodings = 0;
			knownRegions = (
				en,
				Base,
			);
			mainGroup = 27C0E4A52AF2007B00A3D2E6;
			productRefGroup = 27C0E4AF2AF2007B00A3D2E6 /* Products */;
			projectDirPath = "";
			projectRoot = "";
			targets = (
				27C0E4AD2AF2007B00A3D2E6 /* AirbnbTutorial */,
			);
		};
/* End PBXProject section */

/* Begin PBXResourcesBuildPhase section */
		27C0E4AC2AF2007B00A3D2E6 /* Resources */ = {
			isa = PBXResourcesBuildPhase;
			buildActionMask = 2147483647;
			files = (
				27C0E4B92AF2007C00A3D2E6 /* Preview Assets.xcassets in Resources */,
				27C0E4B62AF2007C00A3D2E6 /* Assets.xcassets in Resources */,
			);
			runOnlyForDeploymentPostprocessing = 0;
		};
/* End PBXResourcesBuildPhase section */

/* Begin PBXSourcesBuildPhase section */
		27C0E4AA2AF2007B00A3D2E6 /* Sources */ = {
			isa = PBXSourcesBuildPhase;
			buildActionMask = 2147483647;
			files = (
				272F57BD2AFCB9A70090EB91 /* Listting.swift in Sources */,
				27C0E4CF2AF2091F00A3D2E6 /* ExproleView.swift in Sources */,
				272F57B32AFC9ECB0090EB91 /* ProfileView.swift in Sources */,
				272F57B52AFCB57B0090EB91 /* ProfileOptionRowView.swift in Sources */,
				277BC5DF2AFC881B00C148FA /* DestinationSearchView.swift in Sources */,
				27C0E4D12AF20A2000A3D2E6 /* ListingItemView.swift in Sources */,
				272F57C62AFCC5230090EB91 /* ExploreViewModel.swift in Sources */,
				27C0E4D82AF22C1800A3D2E6 /* ListingImageCarouseView.swift in Sources */,
				272F57B72AFCB6D90090EB91 /* WishlistsView.swift in Sources */,
				27C0E4B42AF2007B00A3D2E6 /* ContentView.swift in Sources */,
				27C0E4D32AF2103000A3D2E6 /* SearchAndFilterBar.swift in Sources */,
				27C0E4D52AF22B9500A3D2E6 /* ListingDetailView.swift in Sources */,
				27C0E4B22AF2007B00A3D2E6 /* AirbnbTutorialApp.swift in Sources */,
				272F57B92AFCB7F70090EB91 /* MainTabView.swift in Sources */,
				272F57BF2AFCBF8F0090EB91 /* DeveloperPreview.swift in Sources */,
				272F57C82AFCC6310090EB91 /* ExploreService.swift in Sources */,
			);
			runOnlyForDeploymentPostprocessing = 0;
		};
/* End PBXSourcesBuildPhase section */

/* Begin XCBuildConfiguration section */
		27C0E4BA2AF2007C00A3D2E6 /* Debug */ = {
			isa = XCBuildConfiguration;
			buildSettings = {
				ALWAYS_SEARCH_USER_PATHS = NO;
				ASSETCATALOG_COMPILER_GENERATE_SWIFT_ASSET_SYMBOL_EXTENSIONS = YES;
				CLANG_ANALYZER_NONNULL = YES;
				CLANG_ANALYZER_NUMBER_OBJECT_CONVERSION = YES_AGGRESSIVE;
				CLANG_CXX_LANGUAGE_STANDARD = "gnu++20";
				CLANG_ENABLE_MODULES = YES;
				CLANG_ENABLE_OBJC_ARC = YES;
				CLANG_ENABLE_OBJC_WEAK = YES;
				CLANG_WARN_BLOCK_CAPTURE_AUTORELEASING = YES;
				CLANG_WARN_BOOL_CONVERSION = YES;
				CLANG_WARN_COMMA = YES;
				CLANG_WARN_CONSTANT_CONVERSION = YES;
				CLANG_WARN_DEPRECATED_OBJC_IMPLEMENTATIONS = YES;
				CLANG_WARN_DIRECT_OBJC_ISA_USAGE = YES_ERROR;
				CLANG_WARN_DOCUMENTATION_COMMENTS = YES;
				CLANG_WARN_EMPTY_BODY = YES;
				CLANG_WARN_ENUM_CONVERSION = YES;
				CLANG_WARN_INFINITE_RECURSION = YES;
				CLANG_WARN_INT_CONVERSION = YES;
				CLANG_WARN_NON_LITERAL_NULL_CONVERSION = YES;
				CLANG_WARN_OBJC_IMPLICIT_RETAIN_SELF = YES;
				CLANG_WARN_OBJC_LITERAL_CONVERSION = YES;
				CLANG_WARN_OBJC_ROOT_CLASS = YES_ERROR;
				CLANG_WARN_QUOTED_INCLUDE_IN_FRAMEWORK_HEADER = YES;
				CLANG_WARN_RANGE_LOOP_ANALYSIS = YES;
				CLANG_WARN_STRICT_PROTOTYPES = YES;
				CLANG_WARN_SUSPICIOUS_MOVE = YES;
				CLANG_WARN_UNGUARDED_AVAILABILITY = YES_AGGRESSIVE;
				CLANG_WARN_UNREACHABLE_CODE = YES;
				CLANG_WARN__DUPLICATE_METHOD_MATCH = YES;
				COPY_PHASE_STRIP = NO;
				DEBUG_INFORMATION_FORMAT = dwarf;
				ENABLE_STRICT_OBJC_MSGSEND = YES;
				ENABLE_TESTABILITY = YES;
				ENABLE_USER_SCRIPT_SANDBOXING = YES;
				GCC_C_LANGUAGE_STANDARD = gnu17;
				GCC_DYNAMIC_NO_PIC = NO;
				GCC_NO_COMMON_BLOCKS = YES;
				GCC_OPTIMIZATION_LEVEL = 0;
				GCC_PREPROCESSOR_DEFINITIONS = (
					"DEBUG=1",
					"$(inherited)",
				);
				GCC_WARN_64_TO_32_BIT_CONVERSION = YES;
				GCC_WARN_ABOUT_RETURN_TYPE = YES_ERROR;
				GCC_WARN_UNDECLARED_SELECTOR = YES;
				GCC_WARN_UNINITIALIZED_AUTOS = YES_AGGRESSIVE;
				GCC_WARN_UNUSED_FUNCTION = YES;
				GCC_WARN_UNUSED_VARIABLE = YES;
				IPHONEOS_DEPLOYMENT_TARGET = 17.0;
				LOCALIZATION_PREFERS_STRING_CATALOGS = YES;
				MTL_ENABLE_DEBUG_INFO = INCLUDE_SOURCE;
				MTL_FAST_MATH = YES;
				ONLY_ACTIVE_ARCH = YES;
				SDKROOT = iphoneos;
				SWIFT_ACTIVE_COMPILATION_CONDITIONS = "DEBUG $(inherited)";
				SWIFT_OPTIMIZATION_LEVEL = "-Onone";
			};
			name = Debug;
		};
		27C0E4BB2AF2007C00A3D2E6 /* Release */ = {
			isa = XCBuildConfiguration;
			buildSettings = {
				ALWAYS_SEARCH_USER_PATHS = NO;
				ASSETCATALOG_COMPILER_GENERATE_SWIFT_ASSET_SYMBOL_EXTENSIONS = YES;
				CLANG_ANALYZER_NONNULL = YES;
				CLANG_ANALYZER_NUMBER_OBJECT_CONVERSION = YES_AGGRESSIVE;
				CLANG_CXX_LANGUAGE_STANDARD = "gnu++20";
				CLANG_ENABLE_MODULES = YES;
				CLANG_ENABLE_OBJC_ARC = YES;
				CLANG_ENABLE_OBJC_WEAK = YES;
				CLANG_WARN_BLOCK_CAPTURE_AUTORELEASING = YES;
				CLANG_WARN_BOOL_CONVERSION = YES;
				CLANG_WARN_COMMA = YES;
				CLANG_WARN_CONSTANT_CONVERSION = YES;
				CLANG_WARN_DEPRECATED_OBJC_IMPLEMENTATIONS = YES;
				CLANG_WARN_DIRECT_OBJC_ISA_USAGE = YES_ERROR;
				CLANG_WARN_DOCUMENTATION_COMMENTS = YES;
				CLANG_WARN_EMPTY_BODY = YES;
				CLANG_WARN_ENUM_CONVERSION = YES;
				CLANG_WARN_INFINITE_RECURSION = YES;
				CLANG_WARN_INT_CONVERSION = YES;
				CLANG_WARN_NON_LITERAL_NULL_CONVERSION = YES;
				CLANG_WARN_OBJC_IMPLICIT_RETAIN_SELF = YES;
				CLANG_WARN_OBJC_LITERAL_CONVERSION = YES;
				CLANG_WARN_OBJC_ROOT_CLASS = YES_ERROR;
				CLANG_WARN_QUOTED_INCLUDE_IN_FRAMEWORK_HEADER = YES;
				CLANG_WARN_RANGE_LOOP_ANALYSIS = YES;
				CLANG_WARN_STRICT_PROTOTYPES = YES;
				CLANG_WARN_SUSPICIOUS_MOVE = YES;
				CLANG_WARN_UNGUARDED_AVAILABILITY = YES_AGGRESSIVE;
				CLANG_WARN_UNREACHABLE_CODE = YES;
				CLANG_WARN__DUPLICATE_METHOD_MATCH = YES;
				COPY_PHASE_STRIP = NO;
				DEBUG_INFORMATION_FORMAT = "dwarf-with-dsym";
				ENABLE_NS_ASSERTIONS = NO;
				ENABLE_STRICT_OBJC_MSGSEND = YES;
				ENABLE_USER_SCRIPT_SANDBOXING = YES;
				GCC_C_LANGUAGE_STANDARD = gnu17;
				GCC_NO_COMMON_BLOCKS = YES;
				GCC_WARN_64_TO_32_BIT_CONVERSION = YES;
				GCC_WARN_ABOUT_RETURN_TYPE = YES_ERROR;
				GCC_WARN_UNDECLARED_SELECTOR = YES;
				GCC_WARN_UNINITIALIZED_AUTOS = YES_AGGRESSIVE;
				GCC_WARN_UNUSED_FUNCTION = YES;
				GCC_WARN_UNUSED_VARIABLE = YES;
				IPHONEOS_DEPLOYMENT_TARGET = 17.0;
				LOCALIZATION_PREFERS_STRING_CATALOGS = YES;
				MTL_ENABLE_DEBUG_INFO = NO;
				MTL_FAST_MATH = YES;
				SDKROOT = iphoneos;
				SWIFT_COMPILATION_MODE = wholemodule;
				VALIDATE_PRODUCT = YES;
			};
			name = Release;
		};
		27C0E4BD2AF2007C00A3D2E6 /* Debug */ = {
			isa = XCBuildConfiguration;
			buildSettings = {
				ASSETCATALOG_COMPILER_APPICON_NAME = AppIcon;
				ASSETCATALOG_COMPILER_GLOBAL_ACCENT_COLOR_NAME = AccentColor;
				CODE_SIGN_STYLE = Automatic;
				CURRENT_PROJECT_VERSION = 1;
				DEVELOPMENT_ASSET_PATHS = "\"AirbnbTutorial/Preview Content\"";
				DEVELOPMENT_TEAM = G387AHFRN6;
				ENABLE_PREVIEWS = YES;
				GENERATE_INFOPLIST_FILE = YES;
				INFOPLIST_KEY_UIApplicationSceneManifest_Generation = YES;
				INFOPLIST_KEY_UIApplicationSupportsIndirectInputEvents = YES;
				INFOPLIST_KEY_UILaunchScreen_Generation = YES;
				INFOPLIST_KEY_UISupportedInterfaceOrientations_iPad = "UIInterfaceOrientationPortrait UIInterfaceOrientationPortraitUpsideDown UIInterfaceOrientationLandscapeLeft UIInterfaceOrientationLandscapeRight";
				INFOPLIST_KEY_UISupportedInterfaceOrientations_iPhone = "UIInterfaceOrientationPortrait UIInterfaceOrientationLandscapeLeft UIInterfaceOrientationLandscapeRight";
				LD_RUNPATH_SEARCH_PATHS = (
					"$(inherited)",
					"@executable_path/Frameworks",
				);
				MARKETING_VERSION = 1.0;
				PRODUCT_BUNDLE_IDENTIFIER = com.pttan.AirbnbTutorial;
				PRODUCT_NAME = "$(TARGET_NAME)";
				SWIFT_EMIT_LOC_STRINGS = YES;
				SWIFT_VERSION = 5.0;
				TARGETED_DEVICE_FAMILY = "1,2";
			};
			name = Debug;
		};
		27C0E4BE2AF2007C00A3D2E6 /* Release */ = {
			isa = XCBuildConfiguration;
			buildSettings = {
				ASSETCATALOG_COMPILER_APPICON_NAME = AppIcon;
				ASSETCATALOG_COMPILER_GLOBAL_ACCENT_COLOR_NAME = AccentColor;
				CODE_SIGN_STYLE = Automatic;
				CURRENT_PROJECT_VERSION = 1;
				DEVELOPMENT_ASSET_PATHS = "\"AirbnbTutorial/Preview Content\"";
				DEVELOPMENT_TEAM = G387AHFRN6;
				ENABLE_PREVIEWS = YES;
				GENERATE_INFOPLIST_FILE = YES;
				INFOPLIST_KEY_UIApplicationSceneManifest_Generation = YES;
				INFOPLIST_KEY_UIApplicationSupportsIndirectInputEvents = YES;
				INFOPLIST_KEY_UILaunchScreen_Generation = YES;
				INFOPLIST_KEY_UISupportedInterfaceOrientations_iPad = "UIInterfaceOrientationPortrait UIInterfaceOrientationPortraitUpsideDown UIInterfaceOrientationLandscapeLeft UIInterfaceOrientationLandscapeRight";
				INFOPLIST_KEY_UISupportedInterfaceOrientations_iPhone = "UIInterfaceOrientationPortrait UIInterfaceOrientationLandscapeLeft UIInterfaceOrientationLandscapeRight";
				LD_RUNPATH_SEARCH_PATHS = (
					"$(inherited)",
					"@executable_path/Frameworks",
				);
				MARKETING_VERSION = 1.0;
				PRODUCT_BUNDLE_IDENTIFIER = com.pttan.AirbnbTutorial;
				PRODUCT_NAME = "$(TARGET_NAME)";
				SWIFT_EMIT_LOC_STRINGS = YES;
				SWIFT_VERSION = 5.0;
				TARGETED_DEVICE_FAMILY = "1,2";
			};
			name = Release;
		};
/* End XCBuildConfiguration section */

/* Begin XCConfigurationList section */
		27C0E4A92AF2007B00A3D2E6 /* Build configuration list for PBXProject "AirbnbTutorial" */ = {
			isa = XCConfigurationList;
			buildConfigurations = (
				27C0E4BA2AF2007C00A3D2E6 /* Debug */,
				27C0E4BB2AF2007C00A3D2E6 /* Release */,
			);
			defaultConfigurationIsVisible = 0;
			defaultConfigurationName = Release;
		};
		27C0E4BC2AF2007C00A3D2E6 /* Build configuration list for PBXNativeTarget "AirbnbTutorial" */ = {
			isa = XCConfigurationList;
			buildConfigurations = (
				27C0E4BD2AF2007C00A3D2E6 /* Debug */,
				27C0E4BE2AF2007C00A3D2E6 /* Release */,
			);
			defaultConfigurationIsVisible = 0;
			defaultConfigurationName = Release;
		};
/* End XCConfigurationList section */
	};
	rootObject = 27C0E4A62AF2007B00A3D2E6 /* Project object */;
}
